// !$*UTF8*$!
{
	archiveVersion = 1;
	classes = {
	};
	objectVersion = 56;
	objects = {

/* Begin PBXBuildFile section */
		66FAA47D29799DD5004C8E23 /* AppDelegate.swift in Sources */ = {isa = PBXBuildFile; fileRef = 66FAA47C29799DD5004C8E23 /* AppDelegate.swift */; };
		66FAA47F29799DD5004C8E23 /* SceneDelegate.swift in Sources */ = {isa = PBXBuildFile; fileRef = 66FAA47E29799DD5004C8E23 /* SceneDelegate.swift */; };
		66FAA48129799DD5004C8E23 /* ViewController.swift in Sources */ = {isa = PBXBuildFile; fileRef = 66FAA48029799DD5004C8E23 /* ViewController.swift */; };
		66FAA48429799DD5004C8E23 /* Main.storyboard in Resources */ = {isa = PBXBuildFile; fileRef = 66FAA48229799DD5004C8E23 /* Main.storyboard */; };
		66FAA48729799DD5004C8E23 /* iOSLessonChat.xcdatamodeld in Sources */ = {isa = PBXBuildFile; fileRef = 66FAA48529799DD5004C8E23 /* iOSLessonChat.xcdatamodeld */; };
		66FAA48929799DDA004C8E23 /* Assets.xcassets in Resources */ = {isa = PBXBuildFile; fileRef = 66FAA48829799DDA004C8E23 /* Assets.xcassets */; };
		66FAA48C29799DDA004C8E23 /* LaunchScreen.storyboard in Resources */ = {isa = PBXBuildFile; fileRef = 66FAA48A29799DDA004C8E23 /* LaunchScreen.storyboard */; };
		66FAA49729799DDA004C8E23 /* iOSLessonChatTests.swift in Sources */ = {isa = PBXBuildFile; fileRef = 66FAA49629799DDA004C8E23 /* iOSLessonChatTests.swift */; };
		66FAA4A129799DDA004C8E23 /* iOSLessonChatUITests.swift in Sources */ = {isa = PBXBuildFile; fileRef = 66FAA4A029799DDA004C8E23 /* iOSLessonChatUITests.swift */; };
		66FAA4A329799DDA004C8E23 /* iOSLessonChatUITestsLaunchTests.swift in Sources */ = {isa = PBXBuildFile; fileRef = 66FAA4A229799DDA004C8E23 /* iOSLessonChatUITestsLaunchTests.swift */; };
/* End PBXBuildFile section */

/* Begin PBXContainerItemProxy section */
		66FAA49329799DDA004C8E23 /* PBXContainerItemProxy */ = {
			isa = PBXContainerItemProxy;
			containerPortal = 66FAA47129799DD5004C8E23 /* Project object */;
			proxyType = 1;
			remoteGlobalIDString = 66FAA47829799DD5004C8E23;
			remoteInfo = iOSLessonChat;
		};
		66FAA49D29799DDA004C8E23 /* PBXContainerItemProxy */ = {
			isa = PBXContainerItemProxy;
			containerPortal = 66FAA47129799DD5004C8E23 /* Project object */;
			proxyType = 1;
			remoteGlobalIDString = 66FAA47829799DD5004C8E23;
			remoteInfo = iOSLessonChat;
		};
/* End PBXContainerItemProxy section */

/* Begin PBXFileReference section */
		66FAA47929799DD5004C8E23 /* iOSLessonChat.app */ = {isa = PBXFileReference; explicitFileType = wrapper.application; includeInIndex = 0; path = iOSLessonChat.app; sourceTree = BUILT_PRODUCTS_DIR; };
		66FAA47C29799DD5004C8E23 /* AppDelegate.swift */ = {isa = PBXFileReference; lastKnownFileType = sourcecode.swift; path = AppDelegate.swift; sourceTree = "<group>"; };
		66FAA47E29799DD5004C8E23 /* SceneDelegate.swift */ = {isa = PBXFileReference; lastKnownFileType = sourcecode.swift; path = SceneDelegate.swift; sourceTree = "<group>"; };
		66FAA48029799DD5004C8E23 /* ViewController.swift */ = {isa = PBXFileReference; lastKnownFileType = sourcecode.swift; path = ViewController.swift; sourceTree = "<group>"; };
		66FAA48329799DD5004C8E23 /* Base */ = {isa = PBXFileReference; lastKnownFileType = file.storyboard; name = Base; path = Base.lproj/Main.storyboard; sourceTree = "<group>"; };
		66FAA48629799DD5004C8E23 /* iOSLessonChat.xcdatamodel */ = {isa = PBXFileReference; lastKnownFileType = wrapper.xcdatamodel; path = iOSLessonChat.xcdatamodel; sourceTree = "<group>"; };
		66FAA48829799DDA004C8E23 /* Assets.xcassets */ = {isa = PBXFileReference; lastKnownFileType = folder.assetcatalog; path = Assets.xcassets; sourceTree = "<group>"; };
		66FAA48B29799DDA004C8E23 /* Base */ = {isa = PBXFileReference; lastKnownFileType = file.storyboard; name = Base; path = Base.lproj/LaunchScreen.storyboard; sourceTree = "<group>"; };
		66FAA48D29799DDA004C8E23 /* Info.plist */ = {isa = PBXFileReference; lastKnownFileType = text.plist.xml; path = Info.plist; sourceTree = "<group>"; };
		66FAA49229799DDA004C8E23 /* iOSLessonChatTests.xctest */ = {isa = PBXFileReference; explicitFileType = wrapper.cfbundle; includeInIndex = 0; path = iOSLessonChatTests.xctest; sourceTree = BUILT_PRODUCTS_DIR; };
		66FAA49629799DDA004C8E23 /* iOSLessonChatTests.swift */ = {isa = PBXFileReference; lastKnownFileType = sourcecode.swift; path = iOSLessonChatTests.swift; sourceTree = "<group>"; };
		66FAA49C29799DDA004C8E23 /* iOSLessonChatUITests.xctest */ = {isa = PBXFileReference; explicitFileType = wrapper.cfbundle; includeInIndex = 0; path = iOSLessonChatUITests.xctest; sourceTree = BUILT_PRODUCTS_DIR; };
		66FAA4A029799DDA004C8E23 /* iOSLessonChatUITests.swift */ = {isa = PBXFileReference; lastKnownFileType = sourcecode.swift; path = iOSLessonChatUITests.swift; sourceTree = "<group>"; };
		66FAA4A229799DDA004C8E23 /* iOSLessonChatUITestsLaunchTests.swift */ = {isa = PBXFileReference; lastKnownFileType = sourcecode.swift; path = iOSLessonChatUITestsLaunchTests.swift; sourceTree = "<group>"; };
/* End PBXFileReference section */

/* Begin PBXFrameworksBuildPhase section */
		66FAA47629799DD5004C8E23 /* Frameworks */ = {
			isa = PBXFrameworksBuildPhase;
			buildActionMask = 2147483647;
			files = (
			);
			runOnlyForDeploymentPostprocessing = 0;
		};
		66FAA48F29799DDA004C8E23 /* Frameworks */ = {
			isa = PBXFrameworksBuildPhase;
			buildActionMask = 2147483647;
			files = (
			);
			runOnlyForDeploymentPostprocessing = 0;
		};
		66FAA49929799DDA004C8E23 /* Frameworks */ = {
			isa = PBXFrameworksBuildPhase;
			buildActionMask = 2147483647;
			files = (
			);
			runOnlyForDeploymentPostprocessing = 0;
		};
/* End PBXFrameworksBuildPhase section */

/* Begin PBXGroup section */
		66FAA47029799DD5004C8E23 = {
			isa = PBXGroup;
			children = (
				66FAA47B29799DD5004C8E23 /* iOSLessonChat */,
				66FAA49529799DDA004C8E23 /* iOSLessonChatTests */,
				66FAA49F29799DDA004C8E23 /* iOSLessonChatUITests */,
				66FAA47A29799DD5004C8E23 /* Products */,
			);
			sourceTree = "<group>";
		};
		66FAA47A29799DD5004C8E23 /* Products */ = {
			isa = PBXGroup;
			children = (
				66FAA47929799DD5004C8E23 /* iOSLessonChat.app */,
				66FAA49229799DDA004C8E23 /* iOSLessonChatTests.xctest */,
				66FAA49C29799DDA004C8E23 /* iOSLessonChatUITests.xctest */,
			);
			name = Products;
			sourceTree = "<group>";
		};
		66FAA47B29799DD5004C8E23 /* iOSLessonChat */ = {
			isa = PBXGroup;
			children = (
				66FAA47C29799DD5004C8E23 /* AppDelegate.swift */,
				66FAA47E29799DD5004C8E23 /* SceneDelegate.swift */,
				66FAA48029799DD5004C8E23 /* ViewController.swift */,
				66FAA48229799DD5004C8E23 /* Main.storyboard */,
				66FAA48829799DDA004C8E23 /* Assets.xcassets */,
				66FAA48A29799DDA004C8E23 /* LaunchScreen.storyboard */,
				66FAA48D29799DDA004C8E23 /* Info.plist */,
				66FAA48529799DD5004C8E23 /* iOSLessonChat.xcdatamodeld */,
			);
			path = iOSLessonChat;
			sourceTree = "<group>";
		};
		66FAA49529799DDA004C8E23 /* iOSLessonChatTests */ = {
			isa = PBXGroup;
			children = (
				66FAA49629799DDA004C8E23 /* iOSLessonChatTests.swift */,
			);
			path = iOSLessonChatTests;
			sourceTree = "<group>";
		};
		66FAA49F29799DDA004C8E23 /* iOSLessonChatUITests */ = {
			isa = PBXGroup;
			children = (
				66FAA4A029799DDA004C8E23 /* iOSLessonChatUITests.swift */,
				66FAA4A229799DDA004C8E23 /* iOSLessonChatUITestsLaunchTests.swift */,
			);
			path = iOSLessonChatUITests;
			sourceTree = "<group>";
		};
/* End PBXGroup section */

/* Begin PBXNativeTarget section */
		66FAA47829799DD5004C8E23 /* iOSLessonChat */ = {
			isa = PBXNativeTarget;
			buildConfigurationList = 66FAA4A629799DDA004C8E23 /* Build configuration list for PBXNativeTarget "iOSLessonChat" */;
			buildPhases = (
				66FAA47529799DD5004C8E23 /* Sources */,
				66FAA47629799DD5004C8E23 /* Frameworks */,
				66FAA47729799DD5004C8E23 /* Resources */,
			);
			buildRules = (
			);
			dependencies = (
			);
			name = iOSLessonChat;
			productName = iOSLessonChat;
			productReference = 66FAA47929799DD5004C8E23 /* iOSLessonChat.app */;
			productType = "com.apple.product-type.application";
		};
		66FAA49129799DDA004C8E23 /* iOSLessonChatTests */ = {
			isa = PBXNativeTarget;
			buildConfigurationList = 66FAA4A929799DDA004C8E23 /* Build configuration list for PBXNativeTarget "iOSLessonChatTests" */;
			buildPhases = (
				66FAA48E29799DDA004C8E23 /* Sources */,
				66FAA48F29799DDA004C8E23 /* Frameworks */,
				66FAA49029799DDA004C8E23 /* Resources */,
			);
			buildRules = (
			);
			dependencies = (
				66FAA49429799DDA004C8E23 /* PBXTargetDependency */,
			);
			name = iOSLessonChatTests;
			productName = iOSLessonChatTests;
			productReference = 66FAA49229799DDA004C8E23 /* iOSLessonChatTests.xctest */;
			productType = "com.apple.product-type.bundle.unit-test";
		};
		66FAA49B29799DDA004C8E23 /* iOSLessonChatUITests */ = {
			isa = PBXNativeTarget;
			buildConfigurationList = 66FAA4AC29799DDA004C8E23 /* Build configuration list for PBXNativeTarget "iOSLessonChatUITests" */;
			buildPhases = (
				66FAA49829799DDA004C8E23 /* Sources */,
				66FAA49929799DDA004C8E23 /* Frameworks */,
				66FAA49A29799DDA004C8E23 /* Resources */,
			);
			buildRules = (
			);
			dependencies = (
				66FAA49E29799DDA004C8E23 /* PBXTargetDependency */,
			);
			name = iOSLessonChatUITests;
			productName = iOSLessonChatUITests;
			productReference = 66FAA49C29799DDA004C8E23 /* iOSLessonChatUITests.xctest */;
			productType = "com.apple.product-type.bundle.ui-testing";
		};
/* End PBXNativeTarget section */

/* Begin PBXProject section */
		66FAA47129799DD5004C8E23 /* Project object */ = {
			isa = PBXProject;
			attributes = {
				BuildIndependentTargetsInParallel = 1;
				LastSwiftUpdateCheck = 1420;
				LastUpgradeCheck = 1420;
				TargetAttributes = {
					66FAA47829799DD5004C8E23 = {
						CreatedOnToolsVersion = 14.2;
					};
					66FAA49129799DDA004C8E23 = {
						CreatedOnToolsVersion = 14.2;
						TestTargetID = 66FAA47829799DD5004C8E23;
					};
					66FAA49B29799DDA004C8E23 = {
						CreatedOnToolsVersion = 14.2;
						TestTargetID = 66FAA47829799DD5004C8E23;
					};
				};
			};
			buildConfigurationList = 66FAA47429799DD5004C8E23 /* Build configuration list for PBXProject "iOSLessonChat" */;
			compatibilityVersion = "Xcode 14.0";
			developmentRegion = en;
			hasScannedForEncodings = 0;
			knownRegions = (
				en,
				Base,
			);
			mainGroup = 66FAA47029799DD5004C8E23;
			productRefGroup = 66FAA47A29799DD5004C8E23 /* Products */;
			projectDirPath = "";
			projectRoot = "";
			targets = (
				66FAA47829799DD5004C8E23 /* iOSLessonChat */,
				66FAA49129799DDA004C8E23 /* iOSLessonChatTests */,
				66FAA49B29799DDA004C8E23 /* iOSLessonChatUITests */,
			);
		};
/* End PBXProject section */

/* Begin PBXResourcesBuildPhase section */
		66FAA47729799DD5004C8E23 /* Resources */ = {
			isa = PBXResourcesBuildPhase;
			buildActionMask = 2147483647;
			files = (
				66FAA48C29799DDA004C8E23 /* LaunchScreen.storyboard in Resources */,
				66FAA48929799DDA004C8E23 /* Assets.xcassets in Resources */,
				66FAA48429799DD5004C8E23 /* Main.storyboard in Resources */,
			);
			runOnlyForDeploymentPostprocessing = 0;
		};
		66FAA49029799DDA004C8E23 /* Resources */ = {
			isa = PBXResourcesBuildPhase;
			buildActionMask = 2147483647;
			files = (
			);
			runOnlyForDeploymentPostprocessing = 0;
		};
		66FAA49A29799DDA004C8E23 /* Resources */ = {
			isa = PBXResourcesBuildPhase;
			buildActionMask = 2147483647;
			files = (
			);
			runOnlyForDeploymentPostprocessing = 0;
		};
/* End PBXResourcesBuildPhase section */

/* Begin PBXSourcesBuildPhase section */
		66FAA47529799DD5004C8E23 /* Sources */ = {
			isa = PBXSourcesBuildPhase;
			buildActionMask = 2147483647;
			files = (
				66FAA48129799DD5004C8E23 /* ViewController.swift in Sources */,
				66FAA48729799DD5004C8E23 /* iOSLessonChat.xcdatamodeld in Sources */,
				66FAA47D29799DD5004C8E23 /* AppDelegate.swift in Sources */,
				66FAA47F29799DD5004C8E23 /* SceneDelegate.swift in Sources */,
			);
			runOnlyForDeploymentPostprocessing = 0;
		};
		66FAA48E29799DDA004C8E23 /* Sources */ = {
			isa = PBXSourcesBuildPhase;
			buildActionMask = 2147483647;
			files = (
				66FAA49729799DDA004C8E23 /* iOSLessonChatTests.swift in Sources */,
			);
			runOnlyForDeploymentPostprocessing = 0;
		};
		66FAA49829799DDA004C8E23 /* Sources */ = {
			isa = PBXSourcesBuildPhase;
			buildActionMask = 2147483647;
			files = (
				66FAA4A329799DDA004C8E23 /* iOSLessonChatUITestsLaunchTests.swift in Sources */,
				66FAA4A129799DDA004C8E23 /* iOSLessonChatUITests.swift in Sources */,
			);
			runOnlyForDeploymentPostprocessing = 0;
		};
/* End PBXSourcesBuildPhase section */

/* Begin PBXTargetDependency section */
		66FAA49429799DDA004C8E23 /* PBXTargetDependency */ = {
			isa = PBXTargetDependency;
			target = 66FAA47829799DD5004C8E23 /* iOSLessonChat */;
			targetProxy = 66FAA49329799DDA004C8E23 /* PBXContainerItemProxy */;
		};
		66FAA49E29799DDA004C8E23 /* PBXTargetDependency */ = {
			isa = PBXTargetDependency;
			target = 66FAA47829799DD5004C8E23 /* iOSLessonChat */;
			targetProxy = 66FAA49D29799DDA004C8E23 /* PBXContainerItemProxy */;
		};
/* End PBXTargetDependency section */

/* Begin PBXVariantGroup section */
		66FAA48229799DD5004C8E23 /* Main.storyboard */ = {
			isa = PBXVariantGroup;
			children = (
				66FAA48329799DD5004C8E23 /* Base */,
			);
			name = Main.storyboard;
			sourceTree = "<group>";
		};
		66FAA48A29799DDA004C8E23 /* LaunchScreen.storyboard */ = {
			isa = PBXVariantGroup;
			children = (
				66FAA48B29799DDA004C8E23 /* Base */,
			);
			name = LaunchScreen.storyboard;
			sourceTree = "<group>";
		};
/* End PBXVariantGroup section */

/* Begin XCBuildConfiguration section */
		66FAA4A429799DDA004C8E23 /* Debug */ = {
			isa = XCBuildConfiguration;
			buildSettings = {
				ALWAYS_SEARCH_USER_PATHS = NO;
				CLANG_ANALYZER_NONNULL = YES;
				CLANG_ANALYZER_NUMBER_OBJECT_CONVERSION = YES_AGGRESSIVE;
				CLANG_CXX_LANGUAGE_STANDARD = "gnu++20";
				CLANG_ENABLE_MODULES = YES;
				CLANG_ENABLE_OBJC_ARC = YES;
				CLANG_ENABLE_OBJC_WEAK = YES;
				CLANG_WARN_BLOCK_CAPTURE_AUTORELEASING = YES;
				CLANG_WARN_BOOL_CONVERSION = YES;
				CLANG_WARN_COMMA = YES;
				CLANG_WARN_CONSTANT_CONVERSION = YES;
				CLANG_WARN_DEPRECATED_OBJC_IMPLEMENTATIONS = YES;
				CLANG_WARN_DIRECT_OBJC_ISA_USAGE = YES_ERROR;
				CLANG_WARN_DOCUMENTATION_COMMENTS = YES;
				CLANG_WARN_EMPTY_BODY = YES;
				CLANG_WARN_ENUM_CONVERSION = YES;
				CLANG_WARN_INFINITE_RECURSION = YES;
				CLANG_WARN_INT_CONVERSION = YES;
				CLANG_WARN_NON_LITERAL_NULL_CONVERSION = YES;
				CLANG_WARN_OBJC_IMPLICIT_RETAIN_SELF = YES;
				CLANG_WARN_OBJC_LITERAL_CONVERSION = YES;
				CLANG_WARN_OBJC_ROOT_CLASS = YES_ERROR;
				CLANG_WARN_QUOTED_INCLUDE_IN_FRAMEWORK_HEADER = YES;
				CLANG_WARN_RANGE_LOOP_ANALYSIS = YES;
				CLANG_WARN_STRICT_PROTOTYPES = YES;
				CLANG_WARN_SUSPICIOUS_MOVE = YES;
				CLANG_WARN_UNGUARDED_AVAILABILITY = YES_AGGRESSIVE;
				CLANG_WARN_UNREACHABLE_CODE = YES;
				CLANG_WARN__DUPLICATE_METHOD_MATCH = YES;
				COPY_PHASE_STRIP = NO;
				DEBUG_INFORMATION_FORMAT = dwarf;
				ENABLE_STRICT_OBJC_MSGSEND = YES;
				ENABLE_TESTABILITY = YES;
				GCC_C_LANGUAGE_STANDARD = gnu11;
				GCC_DYNAMIC_NO_PIC = NO;
				GCC_NO_COMMON_BLOCKS = YES;
				GCC_OPTIMIZATION_LEVEL = 0;
				GCC_PREPROCESSOR_DEFINITIONS = (
					"DEBUG=1",
					"$(inherited)",
				);
				GCC_WARN_64_TO_32_BIT_CONVERSION = YES;
				GCC_WARN_ABOUT_RETURN_TYPE = YES_ERROR;
				GCC_WARN_UNDECLARED_SELECTOR = YES;
				GCC_WARN_UNINITIALIZED_AUTOS = YES_AGGRESSIVE;
				GCC_WARN_UNUSED_FUNCTION = YES;
				GCC_WARN_UNUSED_VARIABLE = YES;
				IPHONEOS_DEPLOYMENT_TARGET = 16.2;
				MTL_ENABLE_DEBUG_INFO = INCLUDE_SOURCE;
				MTL_FAST_MATH = YES;
				ONLY_ACTIVE_ARCH = YES;
				SDKROOT = iphoneos;
				SWIFT_ACTIVE_COMPILATION_CONDITIONS = DEBUG;
				SWIFT_OPTIMIZATION_LEVEL = "-Onone";
			};
			name = Debug;
		};
		66FAA4A529799DDA004C8E23 /* Release */ = {
			isa = XCBuildConfiguration;
			buildSettings = {
				ALWAYS_SEARCH_USER_PATHS = NO;
				CLANG_ANALYZER_NONNULL = YES;
				CLANG_ANALYZER_NUMBER_OBJECT_CONVERSION = YES_AGGRESSIVE;
				CLANG_CXX_LANGUAGE_STANDARD = "gnu++20";
				CLANG_ENABLE_MODULES = YES;
				CLANG_ENABLE_OBJC_ARC = YES;
				CLANG_ENABLE_OBJC_WEAK = YES;
				CLANG_WARN_BLOCK_CAPTURE_AUTORELEASING = YES;
				CLANG_WARN_BOOL_CONVERSION = YES;
				CLANG_WARN_COMMA = YES;
				CLANG_WARN_CONSTANT_CONVERSION = YES;
				CLANG_WARN_DEPRECATED_OBJC_IMPLEMENTATIONS = YES;
				CLANG_WARN_DIRECT_OBJC_ISA_USAGE = YES_ERROR;
				CLANG_WARN_DOCUMENTATION_COMMENTS = YES;
				CLANG_WARN_EMPTY_BODY = YES;
				CLANG_WARN_ENUM_CONVERSION = YES;
				CLANG_WARN_INFINITE_RECURSION = YES;
				CLANG_WARN_INT_CONVERSION = YES;
				CLANG_WARN_NON_LITERAL_NULL_CONVERSION = YES;
				CLANG_WARN_OBJC_IMPLICIT_RETAIN_SELF = YES;
				CLANG_WARN_OBJC_LITERAL_CONVERSION = YES;
				CLANG_WARN_OBJC_ROOT_CLASS = YES_ERROR;
				CLANG_WARN_QUOTED_INCLUDE_IN_FRAMEWORK_HEADER = YES;
				CLANG_WARN_RANGE_LOOP_ANALYSIS = YES;
				CLANG_WARN_STRICT_PROTOTYPES = YES;
				CLANG_WARN_SUSPICIOUS_MOVE = YES;
				CLANG_WARN_UNGUARDED_AVAILABILITY = YES_AGGRESSIVE;
				CLANG_WARN_UNREACHABLE_CODE = YES;
				CLANG_WARN__DUPLICATE_METHOD_MATCH = YES;
				COPY_PHASE_STRIP = NO;
				DEBUG_INFORMATION_FORMAT = "dwarf-with-dsym";
				ENABLE_NS_ASSERTIONS = NO;
				ENABLE_STRICT_OBJC_MSGSEND = YES;
				GCC_C_LANGUAGE_STANDARD = gnu11;
				GCC_NO_COMMON_BLOCKS = YES;
				GCC_WARN_64_TO_32_BIT_CONVERSION = YES;
				GCC_WARN_ABOUT_RETURN_TYPE = YES_ERROR;
				GCC_WARN_UNDECLARED_SELECTOR = YES;
				GCC_WARN_UNINITIALIZED_AUTOS = YES_AGGRESSIVE;
				GCC_WARN_UNUSED_FUNCTION = YES;
				GCC_WARN_UNUSED_VARIABLE = YES;
				IPHONEOS_DEPLOYMENT_TARGET = 16.2;
				MTL_ENABLE_DEBUG_INFO = NO;
				MTL_FAST_MATH = YES;
				SDKROOT = iphoneos;
				SWIFT_COMPILATION_MODE = wholemodule;
				SWIFT_OPTIMIZATION_LEVEL = "-O";
				VALIDATE_PRODUCT = YES;
			};
			name = Release;
		};
		66FAA4A729799DDA004C8E23 /* Debug */ = {
			isa = XCBuildConfiguration;
			buildSettings = {
				ASSETCATALOG_COMPILER_APPICON_NAME = AppIcon;
				ASSETCATALOG_COMPILER_GLOBAL_ACCENT_COLOR_NAME = AccentColor;
				CODE_SIGN_STYLE = Automatic;
				CURRENT_PROJECT_VERSION = 1;
				DEVELOPMENT_TEAM = 5R5GX45HD8;
				GENERATE_INFOPLIST_FILE = YES;
				INFOPLIST_FILE = iOSLessonChat/Info.plist;
				INFOPLIST_KEY_LSApplicationCategoryType = "public.app-category.social-networking";
				INFOPLIST_KEY_UIApplicationSupportsIndirectInputEvents = YES;
				INFOPLIST_KEY_UILaunchStoryboardName = LaunchScreen;
				INFOPLIST_KEY_UIMainStoryboardFile = Main;
				INFOPLIST_KEY_UISupportedInterfaceOrientations_iPad = "UIInterfaceOrientationPortrait UIInterfaceOrientationPortraitUpsideDown UIInterfaceOrientationLandscapeLeft UIInterfaceOrientationLandscapeRight";
				INFOPLIST_KEY_UISupportedInterfaceOrientations_iPhone = "UIInterfaceOrientationPortrait UIInterfaceOrientationLandscapeLeft UIInterfaceOrientationLandscapeRight";
				LD_RUNPATH_SEARCH_PATHS = (
					"$(inherited)",
					"@executable_path/Frameworks",
				);
				MARKETING_VERSION = 1.0;
				PRODUCT_BUNDLE_IDENTIFIER = com.iOSLessonChat;
				PRODUCT_NAME = "$(TARGET_NAME)";
				SWIFT_EMIT_LOC_STRINGS = YES;
				SWIFT_VERSION = 5.0;
				TARGETED_DEVICE_FAMILY = "1,2";
			};
			name = Debug;
		};
		66FAA4A829799DDA004C8E23 /* Release */ = {
			isa = XCBuildConfiguration;
			buildSettings = {
				ASSETCATALOG_COMPILER_APPICON_NAME = AppIcon;
				ASSETCATALOG_COMPILER_GLOBAL_ACCENT_COLOR_NAME = AccentColor;
				CODE_SIGN_STYLE = Automatic;
				CURRENT_PROJECT_VERSION = 1;
				DEVELOPMENT_TEAM = 5R5GX45HD8;
				GENERATE_INFOPLIST_FILE = YES;
				INFOPLIST_FILE = iOSLessonChat/Info.plist;
				INFOPLIST_KEY_LSApplicationCategoryType = "public.app-category.social-networking";
				INFOPLIST_KEY_UIApplicationSupportsIndirectInputEvents = YES;
				INFOPLIST_KEY_UILaunchStoryboardName = LaunchScreen;
				INFOPLIST_KEY_UIMainStoryboardFile = Main;
				INFOPLIST_KEY_UISupportedInterfaceOrientations_iPad = "UIInterfaceOrientationPortrait UIInterfaceOrientationPortraitUpsideDown UIInterfaceOrientationLandscapeLeft UIInterfaceOrientationLandscapeRight";
				INFOPLIST_KEY_UISupportedInterfaceOrientations_iPhone = "UIInterfaceOrientationPortrait UIInterfaceOrientationLandscapeLeft UIInterfaceOrientationLandscapeRight";
				LD_RUNPATH_SEARCH_PATHS = (
					"$(inherited)",
					"@executable_path/Frameworks",
				);
				MARKETING_VERSION = 1.0;
				PRODUCT_BUNDLE_IDENTIFIER = com.iOSLessonChat;
				PRODUCT_NAME = "$(TARGET_NAME)";
				SWIFT_EMIT_LOC_STRINGS = YES;
				SWIFT_VERSION = 5.0;
				TARGETED_DEVICE_FAMILY = "1,2";
			};
			name = Release;
		};
		66FAA4AA29799DDA004C8E23 /* Debug */ = {
			isa = XCBuildConfiguration;
			buildSettings = {
				ALWAYS_EMBED_SWIFT_STANDARD_LIBRARIES = YES;
				BUNDLE_LOADER = "$(TEST_HOST)";
				CODE_SIGN_STYLE = Automatic;
				CURRENT_PROJECT_VERSION = 1;
				DEVELOPMENT_TEAM = 5R5GX45HD8;
				GENERATE_INFOPLIST_FILE = YES;
				IPHONEOS_DEPLOYMENT_TARGET = 16.2;
				MARKETING_VERSION = 1.0;
				PRODUCT_BUNDLE_IDENTIFIER = com.iOSLessonChatTests;
				PRODUCT_NAME = "$(TARGET_NAME)";
				SWIFT_EMIT_LOC_STRINGS = NO;
				SWIFT_VERSION = 5.0;
				TARGETED_DEVICE_FAMILY = "1,2";
				TEST_HOST = "$(BUILT_PRODUCTS_DIR)/iOSLessonChat.app/$(BUNDLE_EXECUTABLE_FOLDER_PATH)/iOSLessonChat";
			};
			name = Debug;
		};
		66FAA4AB29799DDA004C8E23 /* Release */ = {
			isa = XCBuildConfiguration;
			buildSettings = {
				ALWAYS_EMBED_SWIFT_STANDARD_LIBRARIES = YES;
				BUNDLE_LOADER = "$(TEST_HOST)";
				CODE_SIGN_STYLE = Automatic;
				CURRENT_PROJECT_VERSION = 1;
				DEVELOPMENT_TEAM = 5R5GX45HD8;
				GENERATE_INFOPLIST_FILE = YES;
				IPHONEOS_DEPLOYMENT_TARGET = 16.2;
				MARKETING_VERSION = 1.0;
				PRODUCT_BUNDLE_IDENTIFIER = com.iOSLessonChatTests;
				PRODUCT_NAME = "$(TARGET_NAME)";
				SWIFT_EMIT_LOC_STRINGS = NO;
				SWIFT_VERSION = 5.0;
				TARGETED_DEVICE_FAMILY = "1,2";
				TEST_HOST = "$(BUILT_PRODUCTS_DIR)/iOSLessonChat.app/$(BUNDLE_EXECUTABLE_FOLDER_PATH)/iOSLessonChat";
			};
			name = Release;
		};
		66FAA4AD29799DDA004C8E23 /* Debug */ = {
			isa = XCBuildConfiguration;
			buildSettings = {
				ALWAYS_EMBED_SWIFT_STANDARD_LIBRARIES = YES;
				CODE_SIGN_STYLE = Automatic;
				CURRENT_PROJECT_VERSION = 1;
				DEVELOPMENT_TEAM = 5R5GX45HD8;
				GENERATE_INFOPLIST_FILE = YES;
				MARKETING_VERSION = 1.0;
				PRODUCT_BUNDLE_IDENTIFIER = com.iOSLessonChatUITests;
				PRODUCT_NAME = "$(TARGET_NAME)";
				SWIFT_EMIT_LOC_STRINGS = NO;
				SWIFT_VERSION = 5.0;
				TARGETED_DEVICE_FAMILY = "1,2";
				TEST_TARGET_NAME = iOSLessonChat;
			};
			name = Debug;
		};
		66FAA4AE29799DDA004C8E23 /* Release */ = {
			isa = XCBuildConfiguration;
			buildSettings = {
				ALWAYS_EMBED_SWIFT_STANDARD_LIBRARIES = YES;
				CODE_SIGN_STYLE = Automatic;
				CURRENT_PROJECT_VERSION = 1;
				DEVELOPMENT_TEAM = 5R5GX45HD8;
				GENERATE_INFOPLIST_FILE = YES;
				MARKETING_VERSION = 1.0;
				PRODUCT_BUNDLE_IDENTIFIER = com.iOSLessonChatUITests;
				PRODUCT_NAME = "$(TARGET_NAME)";
				SWIFT_EMIT_LOC_STRINGS = NO;
				SWIFT_VERSION = 5.0;
				TARGETED_DEVICE_FAMILY = "1,2";
				TEST_TARGET_NAME = iOSLessonChat;
			};
			name = Release;
		};
/* End XCBuildConfiguration section */

/* Begin XCConfigurationList section */
		66FAA47429799DD5004C8E23 /* Build configuration list for PBXProject "iOSLessonChat" */ = {
			isa = XCConfigurationList;
			buildConfigurations = (
				66FAA4A429799DDA004C8E23 /* Debug */,
				66FAA4A529799DDA004C8E23 /* Release */,
			);
			defaultConfigurationIsVisible = 0;
			defaultConfigurationName = Release;
		};
		66FAA4A629799DDA004C8E23 /* Build configuration list for PBXNativeTarget "iOSLessonChat" */ = {
			isa = XCConfigurationList;
			buildConfigurations = (
				66FAA4A729799DDA004C8E23 /* Debug */,
				66FAA4A829799DDA004C8E23 /* Release */,
			);
			defaultConfigurationIsVisible = 0;
			defaultConfigurationName = Release;
		};
		66FAA4A929799DDA004C8E23 /* Build configuration list for PBXNativeTarget "iOSLessonChatTests" */ = {
			isa = XCConfigurationList;
			buildConfigurations = (
				66FAA4AA29799DDA004C8E23 /* Debug */,
				66FAA4AB29799DDA004C8E23 /* Release */,
			);
			defaultConfigurationIsVisible = 0;
			defaultConfigurationName = Release;
		};
		66FAA4AC29799DDA004C8E23 /* Build configuration list for PBXNativeTarget "iOSLessonChatUITests" */ = {
			isa = XCConfigurationList;
			buildConfigurations = (
				66FAA4AD29799DDA004C8E23 /* Debug */,
				66FAA4AE29799DDA004C8E23 /* Release */,
			);
			defaultConfigurationIsVisible = 0;
			defaultConfigurationName = Release;
		};
/* End XCConfigurationList section */

/* Begin XCVersionGroup section */
		66FAA48529799DD5004C8E23 /* iOSLessonChat.xcdatamodeld */ = {
			isa = XCVersionGroup;
			children = (
				66FAA48629799DD5004C8E23 /* iOSLessonChat.xcdatamodel */,
			);
			currentVersion = 66FAA48629799DD5004C8E23 /* iOSLessonChat.xcdatamodel */;
			path = iOSLessonChat.xcdatamodeld;
			sourceTree = "<group>";
			versionGroupType = wrapper.xcdatamodel;
		};
/* End XCVersionGroup section */
	};
	rootObject = 66FAA47129799DD5004C8E23 /* Project object */;
}
